
Microsoft Visual Studio Solution File, Format Version 12.00
# Visual Studio 15
Project("{FAE04EC0-301F-11D3-BF4B-00C04F79EFBC}") = "Assembly-CSharp-Editor", "Assembly-CSharp-Editor.csproj", "{D7666762-6F97-3475-2FA9-D8F3C4AD0ED9}"
EndProject
Project("{FAE04EC0-301F-11D3-BF4B-00C04F79EFBC}") = "Assembly-CSharp", "Assembly-CSharp.csproj", "{6E078692-3000-53F3-50E1-38DCBAB44B0F}"
EndProject
Global
	GlobalSection(SolutionConfigurationPlatforms) = preSolution
		Debug|Any CPU = Debug|Any CPU
		Release|Any CPU = Release|Any CPU
	EndGlobalSection
	GlobalSection(ProjectConfigurationPlatforms) = postSolution
		{D7666762-6F97-3475-2FA9-D8F3C4AD0ED9}.Debug|Any CPU.ActiveCfg = Debug|Any CPU
		{D7666762-6F97-3475-2FA9-D8F3C4AD0ED9}.Debug|Any CPU.Build.0 = Debug|Any CPU
		{D7666762-6F97-3475-2FA9-D8F3C4AD0ED9}.Release|Any CPU.ActiveCfg = Release|Any CPU
		{D7666762-6F97-3475-2FA9-D8F3C4AD0ED9}.Release|Any CPU.Build.0 = Release|Any CPU
		{6E078692-3000-53F3-50E1-38DCBAB44B0F}.Debug|Any CPU.ActiveCfg = Debug|Any CPU
		{6E078692-3000-53F3-50E1-38DCBAB44B0F}.Debug|Any CPU.Build.0 = Debug|Any CPU
		{6E078692-3000-53F3-50E1-38DCBAB44B0F}.Release|Any CPU.ActiveCfg = Release|Any CPU
		{6E078692-3000-53F3-50E1-38DCBAB44B0F}.Release|Any CPU.Build.0 = Release|Any CPU
	EndGlobalSection
	GlobalSection(SolutionProperties) = preSolution
		HideSolutionNode = FALSE
	EndGlobalSection
EndGlobal
